// !$*UTF8*$!
{
	archiveVersion = 1;
	classes = {
	};
	objectVersion = 46;
	objects = {

/* Begin PBXBuildFile section */
		3D849BEDE6B6D233B85C37E9 /* Pods_HealthScheduler.framework in Frameworks */ = {isa = PBXBuildFile; fileRef = FC21023B473A60BC3DD26902 /* Pods_HealthScheduler.framework */; };
		F31B91ED1E498B01005A4D7C /* HP03_ViewController.swift in Sources */ = {isa = PBXBuildFile; fileRef = F31B91EC1E498B01005A4D7C /* HP03_ViewController.swift */; };
		F31CC3171E4860CB00E24873 /* AppDelegate.swift in Sources */ = {isa = PBXBuildFile; fileRef = F31CC3161E4860CB00E24873 /* AppDelegate.swift */; };
		F31CC3191E4860CB00E24873 /* LoginViewController.swift in Sources */ = {isa = PBXBuildFile; fileRef = F31CC3181E4860CB00E24873 /* LoginViewController.swift */; };
		F31CC31C1E4860CB00E24873 /* Main.storyboard in Resources */ = {isa = PBXBuildFile; fileRef = F31CC31A1E4860CB00E24873 /* Main.storyboard */; };
		F31CC31E1E4860CB00E24873 /* Assets.xcassets in Resources */ = {isa = PBXBuildFile; fileRef = F31CC31D1E4860CB00E24873 /* Assets.xcassets */; };
		F31CC3211E4860CB00E24873 /* LaunchScreen.storyboard in Resources */ = {isa = PBXBuildFile; fileRef = F31CC31F1E4860CB00E24873 /* LaunchScreen.storyboard */; };
		F31CC3291E4863F600E24873 /* GoogleService-Info.plist in Resources */ = {isa = PBXBuildFile; fileRef = F31CC3281E4863F600E24873 /* GoogleService-Info.plist */; };
		F31CC32B1E486A1F00E24873 /* HP01_TableViewController.swift in Sources */ = {isa = PBXBuildFile; fileRef = F31CC32A1E486A1F00E24873 /* HP01_TableViewController.swift */; };
		F324C2561E4C5BD3003D0AA7 /* ExerciseSections.swift in Sources */ = {isa = PBXBuildFile; fileRef = F324C2551E4C5BD3003D0AA7 /* ExerciseSections.swift */; };
		F324C2591E4C5CCB003D0AA7 /* AddEx01HeaderView.swift in Sources */ = {isa = PBXBuildFile; fileRef = F324C2581E4C5CCB003D0AA7 /* AddEx01HeaderView.swift */; };
		F3295FCB1E49F4770039F278 /* HeaderTableViewCell.swift in Sources */ = {isa = PBXBuildFile; fileRef = F3295FCA1E49F4770039F278 /* HeaderTableViewCell.swift */; };
		F3AF752B1E4C2248007668F7 /* AddExerciseVC2.swift in Sources */ = {isa = PBXBuildFile; fileRef = F3AF752A1E4C2248007668F7 /* AddExerciseVC2.swift */; };
		F3DD32B11E4B029500FD4A70 /* TrainerModel.swift in Sources */ = {isa = PBXBuildFile; fileRef = F3DD32B01E4B029500FD4A70 /* TrainerModel.swift */; };
		F3DD32B71E4B0F9C00FD4A70 /* ScheduleTableViewController.swift in Sources */ = {isa = PBXBuildFile; fileRef = F3DD32B61E4B0F9C00FD4A70 /* ScheduleTableViewController.swift */; };
		F3DD32B91E4B107600FD4A70 /* ScheduleModel.swift in Sources */ = {isa = PBXBuildFile; fileRef = F3DD32B81E4B107600FD4A70 /* ScheduleModel.swift */; };
		F3DD32BB1E4B154C00FD4A70 /* Exercise.swift in Sources */ = {isa = PBXBuildFile; fileRef = F3DD32BA1E4B154C00FD4A70 /* Exercise.swift */; };
		F3DD32BD1E4B161F00FD4A70 /* ExTable.swift in Sources */ = {isa = PBXBuildFile; fileRef = F3DD32BC1E4B161F00FD4A70 /* ExTable.swift */; };
		F3DD32C01E4B44F300FD4A70 /* HistoryTableViewCell.swift in Sources */ = {isa = PBXBuildFile; fileRef = F3DD32BF1E4B44F300FD4A70 /* HistoryTableViewCell.swift */; };
		F3DD32C21E4B48BF00FD4A70 /* AddExerciseVC1.swift in Sources */ = {isa = PBXBuildFile; fileRef = F3DD32C11E4B48BF00FD4A70 /* AddExerciseVC1.swift */; };
/* End PBXBuildFile section */

/* Begin PBXFileReference section */
		E71A3F6A3AB6FFF31E37F4BD /* Pods-HealthScheduler.release.xcconfig */ = {isa = PBXFileReference; includeInIndex = 1; lastKnownFileType = text.xcconfig; name = "Pods-HealthScheduler.release.xcconfig"; path = "Pods/Target Support Files/Pods-HealthScheduler/Pods-HealthScheduler.release.xcconfig"; sourceTree = "<group>"; };
		F3032E751E48739D0021A0DD /* HealthScheduler-Bridging-Header.h */ = {isa = PBXFileReference; lastKnownFileType = sourcecode.c.h; path = "HealthScheduler-Bridging-Header.h"; sourceTree = SOURCE_ROOT; };
		F31B91EC1E498B01005A4D7C /* HP03_ViewController.swift */ = {isa = PBXFileReference; fileEncoding = 4; lastKnownFileType = sourcecode.swift; path = HP03_ViewController.swift; sourceTree = "<group>"; };
		F31CC3131E4860CA00E24873 /* HealthScheduler.app */ = {isa = PBXFileReference; explicitFileType = wrapper.application; includeInIndex = 0; path = HealthScheduler.app; sourceTree = BUILT_PRODUCTS_DIR; };
		F31CC3161E4860CB00E24873 /* AppDelegate.swift */ = {isa = PBXFileReference; lastKnownFileType = sourcecode.swift; path = AppDelegate.swift; sourceTree = "<group>"; };
		F31CC3181E4860CB00E24873 /* LoginViewController.swift */ = {isa = PBXFileReference; lastKnownFileType = sourcecode.swift; path = LoginViewController.swift; sourceTree = "<group>"; };
		F31CC31B1E4860CB00E24873 /* Base */ = {isa = PBXFileReference; lastKnownFileType = file.storyboard; name = Base; path = Base.lproj/Main.storyboard; sourceTree = "<group>"; };
		F31CC31D1E4860CB00E24873 /* Assets.xcassets */ = {isa = PBXFileReference; lastKnownFileType = folder.assetcatalog; path = Assets.xcassets; sourceTree = "<group>"; };
		F31CC3201E4860CB00E24873 /* Base */ = {isa = PBXFileReference; lastKnownFileType = file.storyboard; name = Base; path = Base.lproj/LaunchScreen.storyboard; sourceTree = "<group>"; };
		F31CC3221E4860CB00E24873 /* Info.plist */ = {isa = PBXFileReference; lastKnownFileType = text.plist.xml; path = Info.plist; sourceTree = "<group>"; };
		F31CC3281E4863F600E24873 /* GoogleService-Info.plist */ = {isa = PBXFileReference; fileEncoding = 4; lastKnownFileType = text.plist.xml; path = "GoogleService-Info.plist"; sourceTree = "<group>"; };
		F31CC32A1E486A1F00E24873 /* HP01_TableViewController.swift */ = {isa = PBXFileReference; fileEncoding = 4; lastKnownFileType = sourcecode.swift; path = HP01_TableViewController.swift; sourceTree = "<group>"; };
		F324C2551E4C5BD3003D0AA7 /* ExerciseSections.swift */ = {isa = PBXFileReference; fileEncoding = 4; lastKnownFileType = sourcecode.swift; path = ExerciseSections.swift; sourceTree = "<group>"; };
		F324C2581E4C5CCB003D0AA7 /* AddEx01HeaderView.swift */ = {isa = PBXFileReference; fileEncoding = 4; lastKnownFileType = sourcecode.swift; path = AddEx01HeaderView.swift; sourceTree = "<group>"; };
		F3295FCA1E49F4770039F278 /* HeaderTableViewCell.swift */ = {isa = PBXFileReference; fileEncoding = 4; lastKnownFileType = sourcecode.swift; name = HeaderTableViewCell.swift; path = ../HeaderTableViewCell.swift; sourceTree = "<group>"; };
		F3AF752A1E4C2248007668F7 /* AddExerciseVC2.swift */ = {isa = PBXFileReference; fileEncoding = 4; lastKnownFileType = sourcecode.swift; path = AddExerciseVC2.swift; sourceTree = "<group>"; };
		F3DD32B01E4B029500FD4A70 /* TrainerModel.swift */ = {isa = PBXFileReference; fileEncoding = 4; lastKnownFileType = sourcecode.swift; path = TrainerModel.swift; sourceTree = "<group>"; };
		F3DD32B61E4B0F9C00FD4A70 /* ScheduleTableViewController.swift */ = {isa = PBXFileReference; fileEncoding = 4; lastKnownFileType = sourcecode.swift; path = ScheduleTableViewController.swift; sourceTree = "<group>"; };
		F3DD32B81E4B107600FD4A70 /* ScheduleModel.swift */ = {isa = PBXFileReference; fileEncoding = 4; lastKnownFileType = sourcecode.swift; path = ScheduleModel.swift; sourceTree = "<group>"; };
		F3DD32BA1E4B154C00FD4A70 /* Exercise.swift */ = {isa = PBXFileReference; fileEncoding = 4; lastKnownFileType = sourcecode.swift; path = Exercise.swift; sourceTree = "<group>"; };
		F3DD32BC1E4B161F00FD4A70 /* ExTable.swift */ = {isa = PBXFileReference; fileEncoding = 4; lastKnownFileType = sourcecode.swift; path = ExTable.swift; sourceTree = "<group>"; };
		F3DD32BF1E4B44F300FD4A70 /* HistoryTableViewCell.swift */ = {isa = PBXFileReference; fileEncoding = 4; lastKnownFileType = sourcecode.swift; path = HistoryTableViewCell.swift; sourceTree = "<group>"; };
		F3DD32C11E4B48BF00FD4A70 /* AddExerciseVC1.swift */ = {isa = PBXFileReference; fileEncoding = 4; lastKnownFileType = sourcecode.swift; path = AddExerciseVC1.swift; sourceTree = "<group>"; };
		F56D6F87E602162BE0506DE5 /* Pods-HealthScheduler.debug.xcconfig */ = {isa = PBXFileReference; includeInIndex = 1; lastKnownFileType = text.xcconfig; name = "Pods-HealthScheduler.debug.xcconfig"; path = "Pods/Target Support Files/Pods-HealthScheduler/Pods-HealthScheduler.debug.xcconfig"; sourceTree = "<group>"; };
		FC21023B473A60BC3DD26902 /* Pods_HealthScheduler.framework */ = {isa = PBXFileReference; explicitFileType = wrapper.framework; includeInIndex = 0; path = Pods_HealthScheduler.framework; sourceTree = BUILT_PRODUCTS_DIR; };
/* End PBXFileReference section */

/* Begin PBXFrameworksBuildPhase section */
		F31CC3101E4860CA00E24873 /* Frameworks */ = {
			isa = PBXFrameworksBuildPhase;
			buildActionMask = 2147483647;
			files = (
				3D849BEDE6B6D233B85C37E9 /* Pods_HealthScheduler.framework in Frameworks */,
			);
			runOnlyForDeploymentPostprocessing = 0;
		};
/* End PBXFrameworksBuildPhase section */

/* Begin PBXGroup section */
		0C694693CB5C94A248A16EF1 /* Pods */ = {
			isa = PBXGroup;
			children = (
				F56D6F87E602162BE0506DE5 /* Pods-HealthScheduler.debug.xcconfig */,
				E71A3F6A3AB6FFF31E37F4BD /* Pods-HealthScheduler.release.xcconfig */,
			);
			name = Pods;
			sourceTree = "<group>";
		};
		A1431C9EECB2A3F208FF4D54 /* Frameworks */ = {
			isa = PBXGroup;
			children = (
				FC21023B473A60BC3DD26902 /* Pods_HealthScheduler.framework */,
			);
			name = Frameworks;
			sourceTree = "<group>";
		};
		F31CC30A1E4860CA00E24873 = {
			isa = PBXGroup;
			children = (
				F31CC3151E4860CA00E24873 /* HealthScheduler */,
				F31CC3141E4860CA00E24873 /* Products */,
				0C694693CB5C94A248A16EF1 /* Pods */,
				A1431C9EECB2A3F208FF4D54 /* Frameworks */,
			);
			sourceTree = "<group>";
		};
		F31CC3141E4860CA00E24873 /* Products */ = {
			isa = PBXGroup;
			children = (
				F31CC3131E4860CA00E24873 /* HealthScheduler.app */,
			);
			name = Products;
			sourceTree = "<group>";
		};
		F31CC3151E4860CA00E24873 /* HealthScheduler */ = {
			isa = PBXGroup;
			children = (
				F324C2571E4C5C83003D0AA7 /* Header */,
				F3DD32BE1E4B44B200FD4A70 /* Cell */,
				F3DD32AD1E4B025700FD4A70 /* Models */,
				F31CC31F1E4860CB00E24873 /* LaunchScreen.storyboard */,
				F31CC3161E4860CB00E24873 /* AppDelegate.swift */,
				F31CC3181E4860CB00E24873 /* LoginViewController.swift */,
				F31CC31A1E4860CB00E24873 /* Main.storyboard */,
				F31CC31D1E4860CB00E24873 /* Assets.xcassets */,
				F31CC3221E4860CB00E24873 /* Info.plist */,
				F31CC3281E4863F600E24873 /* GoogleService-Info.plist */,
				F3032E751E48739D0021A0DD /* HealthScheduler-Bridging-Header.h */,
				F31CC32A1E486A1F00E24873 /* HP01_TableViewController.swift */,
				F31B91EC1E498B01005A4D7C /* HP03_ViewController.swift */,
				F3DD32B61E4B0F9C00FD4A70 /* ScheduleTableViewController.swift */,
				F3DD32C11E4B48BF00FD4A70 /* AddExerciseVC1.swift */,
				F3AF752A1E4C2248007668F7 /* AddExerciseVC2.swift */,
			);
			path = HealthScheduler;
			sourceTree = "<group>";
		};
		F324C2571E4C5C83003D0AA7 /* Header */ = {
			isa = PBXGroup;
			children = (
				F324C2581E4C5CCB003D0AA7 /* AddEx01HeaderView.swift */,
			);
			name = Header;
			sourceTree = "<group>";
		};
		F3DD32AD1E4B025700FD4A70 /* Models */ = {
			isa = PBXGroup;
			children = (
				F3DD32B01E4B029500FD4A70 /* TrainerModel.swift */,
				F3DD32B81E4B107600FD4A70 /* ScheduleModel.swift */,
				F3DD32BA1E4B154C00FD4A70 /* Exercise.swift */,
				F3DD32BC1E4B161F00FD4A70 /* ExTable.swift */,
				F324C2551E4C5BD3003D0AA7 /* ExerciseSections.swift */,
			);
			path = Models;
			sourceTree = "<group>";
		};
		F3DD32BE1E4B44B200FD4A70 /* Cell */ = {
			isa = PBXGroup;
			children = (
				F3DD32BF1E4B44F300FD4A70 /* HistoryTableViewCell.swift */,
				F3295FCA1E49F4770039F278 /* HeaderTableViewCell.swift */,
			);
			path = Cell;
			sourceTree = "<group>";
		};
/* End PBXGroup section */

/* Begin PBXNativeTarget section */
		F31CC3121E4860CA00E24873 /* HealthScheduler */ = {
			isa = PBXNativeTarget;
			buildConfigurationList = F31CC3251E4860CB00E24873 /* Build configuration list for PBXNativeTarget "HealthScheduler" */;
			buildPhases = (
				7CC6C20DCE7E6EDB1DB04019 /* [CP] Check Pods Manifest.lock */,
				F31CC30F1E4860CA00E24873 /* Sources */,
				F31CC3101E4860CA00E24873 /* Frameworks */,
				F31CC3111E4860CA00E24873 /* Resources */,
				638B93D06FFCC6A6C9697DF9 /* [CP] Embed Pods Frameworks */,
				E7441D6DDC8A833478C05DA8 /* [CP] Copy Pods Resources */,
			);
			buildRules = (
			);
			dependencies = (
			);
			name = HealthScheduler;
			productName = HealthScheduler;
			productReference = F31CC3131E4860CA00E24873 /* HealthScheduler.app */;
			productType = "com.apple.product-type.application";
		};
/* End PBXNativeTarget section */

/* Begin PBXProject section */
		F31CC30B1E4860CA00E24873 /* Project object */ = {
			isa = PBXProject;
			attributes = {
				LastSwiftUpdateCheck = 0820;
				LastUpgradeCheck = 0820;
				ORGANIZATIONNAME = iamqjin;
				TargetAttributes = {
					F31CC3121E4860CA00E24873 = {
						CreatedOnToolsVersion = 8.2.1;
						DevelopmentTeam = E6MP3VPWC7;
						LastSwiftMigration = 0820;
						ProvisioningStyle = Automatic;
					};
				};
			};
			buildConfigurationList = F31CC30E1E4860CA00E24873 /* Build configuration list for PBXProject "HealthScheduler" */;
			compatibilityVersion = "Xcode 3.2";
			developmentRegion = English;
			hasScannedForEncodings = 0;
			knownRegions = (
				en,
				Base,
			);
			mainGroup = F31CC30A1E4860CA00E24873;
			productRefGroup = F31CC3141E4860CA00E24873 /* Products */;
			projectDirPath = "";
			projectRoot = "";
			targets = (
				F31CC3121E4860CA00E24873 /* HealthScheduler */,
			);
		};
/* End PBXProject section */

/* Begin PBXResourcesBuildPhase section */
		F31CC3111E4860CA00E24873 /* Resources */ = {
			isa = PBXResourcesBuildPhase;
			buildActionMask = 2147483647;
			files = (
				F31CC3211E4860CB00E24873 /* LaunchScreen.storyboard in Resources */,
				F31CC3291E4863F600E24873 /* GoogleService-Info.plist in Resources */,
				F31CC31E1E4860CB00E24873 /* Assets.xcassets in Resources */,
				F31CC31C1E4860CB00E24873 /* Main.storyboard in Resources */,
			);
			runOnlyForDeploymentPostprocessing = 0;
		};
/* End PBXResourcesBuildPhase section */

/* Begin PBXShellScriptBuildPhase section */
		638B93D06FFCC6A6C9697DF9 /* [CP] Embed Pods Frameworks */ = {
			isa = PBXShellScriptBuildPhase;
			buildActionMask = 2147483647;
			files = (
			);
			inputPaths = (
			);
			name = "[CP] Embed Pods Frameworks";
			outputPaths = (
			);
			runOnlyForDeploymentPostprocessing = 0;
			shellPath = /bin/sh;
			shellScript = "\"${SRCROOT}/Pods/Target Support Files/Pods-HealthScheduler/Pods-HealthScheduler-frameworks.sh\"\n";
			showEnvVarsInLog = 0;
		};
		7CC6C20DCE7E6EDB1DB04019 /* [CP] Check Pods Manifest.lock */ = {
			isa = PBXShellScriptBuildPhase;
			buildActionMask = 2147483647;
			files = (
			);
			inputPaths = (
			);
			name = "[CP] Check Pods Manifest.lock";
			outputPaths = (
			);
			runOnlyForDeploymentPostprocessing = 0;
			shellPath = /bin/sh;
			shellScript = "diff \"${PODS_ROOT}/../Podfile.lock\" \"${PODS_ROOT}/Manifest.lock\" > /dev/null\nif [ $? != 0 ] ; then\n    # print error to STDERR\n    echo \"error: The sandbox is not in sync with the Podfile.lock. Run 'pod install' or update your CocoaPods installation.\" >&2\n    exit 1\nfi\n";
			showEnvVarsInLog = 0;
		};
		E7441D6DDC8A833478C05DA8 /* [CP] Copy Pods Resources */ = {
			isa = PBXShellScriptBuildPhase;
			buildActionMask = 2147483647;
			files = (
			);
			inputPaths = (
			);
			name = "[CP] Copy Pods Resources";
			outputPaths = (
			);
			runOnlyForDeploymentPostprocessing = 0;
			shellPath = /bin/sh;
			shellScript = "\"${SRCROOT}/Pods/Target Support Files/Pods-HealthScheduler/Pods-HealthScheduler-resources.sh\"\n";
			showEnvVarsInLog = 0;
		};
/* End PBXShellScriptBuildPhase section */

/* Begin PBXSourcesBuildPhase section */
		F31CC30F1E4860CA00E24873 /* Sources */ = {
			isa = PBXSourcesBuildPhase;
			buildActionMask = 2147483647;
			files = (
				F3DD32B71E4B0F9C00FD4A70 /* ScheduleTableViewController.swift in Sources */,
				F31CC32B1E486A1F00E24873 /* HP01_TableViewController.swift in Sources */,
				F3DD32BD1E4B161F00FD4A70 /* ExTable.swift in Sources */,
				F3DD32C21E4B48BF00FD4A70 /* AddExerciseVC1.swift in Sources */,
				F3295FCB1E49F4770039F278 /* HeaderTableViewCell.swift in Sources */,
				F31B91ED1E498B01005A4D7C /* HP03_ViewController.swift in Sources */,
				F3DD32BB1E4B154C00FD4A70 /* Exercise.swift in Sources */,
				F324C2561E4C5BD3003D0AA7 /* ExerciseSections.swift in Sources */,
				F3DD32B11E4B029500FD4A70 /* TrainerModel.swift in Sources */,
				F31CC3191E4860CB00E24873 /* LoginViewController.swift in Sources */,
				F3AF752B1E4C2248007668F7 /* AddExerciseVC2.swift in Sources */,
				F3DD32C01E4B44F300FD4A70 /* HistoryTableViewCell.swift in Sources */,
				F3DD32B91E4B107600FD4A70 /* ScheduleModel.swift in Sources */,
				F324C2591E4C5CCB003D0AA7 /* AddEx01HeaderView.swift in Sources */,
				F31CC3171E4860CB00E24873 /* AppDelegate.swift in Sources */,
			);
			runOnlyForDeploymentPostprocessing = 0;
		};
/* End PBXSourcesBuildPhase section */

/* Begin PBXVariantGroup section */
		F31CC31A1E4860CB00E24873 /* Main.storyboard */ = {
			isa = PBXVariantGroup;
			children = (
				F31CC31B1E4860CB00E24873 /* Base */,
			);
			name = Main.storyboard;
			sourceTree = "<group>";
		};
		F31CC31F1E4860CB00E24873 /* LaunchScreen.storyboard */ = {
			isa = PBXVariantGroup;
			children = (
				F31CC3201E4860CB00E24873 /* Base */,
			);
			name = LaunchScreen.storyboard;
			sourceTree = "<group>";
		};
/* End PBXVariantGroup section */

/* Begin XCBuildConfiguration section */
		F31CC3231E4860CB00E24873 /* Debug */ = {
			isa = XCBuildConfiguration;
			buildSettings = {
				ALWAYS_SEARCH_USER_PATHS = NO;
				CLANG_ANALYZER_NONNULL = YES;
				CLANG_CXX_LANGUAGE_STANDARD = "gnu++0x";
				CLANG_CXX_LIBRARY = "libc++";
				CLANG_ENABLE_MODULES = YES;
				CLANG_ENABLE_OBJC_ARC = YES;
				CLANG_WARN_BOOL_CONVERSION = YES;
				CLANG_WARN_CONSTANT_CONVERSION = YES;
				CLANG_WARN_DIRECT_OBJC_ISA_USAGE = YES_ERROR;
				CLANG_WARN_DOCUMENTATION_COMMENTS = YES;
				CLANG_WARN_EMPTY_BODY = YES;
				CLANG_WARN_ENUM_CONVERSION = YES;
				CLANG_WARN_INFINITE_RECURSION = YES;
				CLANG_WARN_INT_CONVERSION = YES;
				CLANG_WARN_OBJC_ROOT_CLASS = YES_ERROR;
				CLANG_WARN_SUSPICIOUS_MOVE = YES;
				CLANG_WARN_UNREACHABLE_CODE = YES;
				CLANG_WARN__DUPLICATE_METHOD_MATCH = YES;
				"CODE_SIGN_IDENTITY[sdk=iphoneos*]" = "iPhone Developer";
				COPY_PHASE_STRIP = NO;
				DEBUG_INFORMATION_FORMAT = dwarf;
				ENABLE_STRICT_OBJC_MSGSEND = YES;
				ENABLE_TESTABILITY = YES;
				GCC_C_LANGUAGE_STANDARD = gnu99;
				GCC_DYNAMIC_NO_PIC = NO;
				GCC_NO_COMMON_BLOCKS = YES;
				GCC_OPTIMIZATION_LEVEL = 0;
				GCC_PREPROCESSOR_DEFINITIONS = (
					"DEBUG=1",
					"$(inherited)",
				);
				GCC_WARN_64_TO_32_BIT_CONVERSION = YES;
				GCC_WARN_ABOUT_RETURN_TYPE = YES_ERROR;
				GCC_WARN_UNDECLARED_SELECTOR = YES;
				GCC_WARN_UNINITIALIZED_AUTOS = YES_AGGRESSIVE;
				GCC_WARN_UNUSED_FUNCTION = YES;
				GCC_WARN_UNUSED_VARIABLE = YES;
				IPHONEOS_DEPLOYMENT_TARGET = 10.2;
				MTL_ENABLE_DEBUG_INFO = YES;
				ONLY_ACTIVE_ARCH = YES;
				SDKROOT = iphoneos;
				SWIFT_ACTIVE_COMPILATION_CONDITIONS = DEBUG;
				SWIFT_OPTIMIZATION_LEVEL = "-Onone";
			};
			name = Debug;
		};
		F31CC3241E4860CB00E24873 /* Release */ = {
			isa = XCBuildConfiguration;
			buildSettings = {
				ALWAYS_SEARCH_USER_PATHS = NO;
				CLANG_ANALYZER_NONNULL = YES;
				CLANG_CXX_LANGUAGE_STANDARD = "gnu++0x";
				CLANG_CXX_LIBRARY = "libc++";
				CLANG_ENABLE_MODULES = YES;
				CLANG_ENABLE_OBJC_ARC = YES;
				CLANG_WARN_BOOL_CONVERSION = YES;
				CLANG_WARN_CONSTANT_CONVERSION = YES;
				CLANG_WARN_DIRECT_OBJC_ISA_USAGE = YES_ERROR;
				CLANG_WARN_DOCUMENTATION_COMMENTS = YES;
				CLANG_WARN_EMPTY_BODY = YES;
				CLANG_WARN_ENUM_CONVERSION = YES;
				CLANG_WARN_INFINITE_RECURSION = YES;
				CLANG_WARN_INT_CONVERSION = YES;
				CLANG_WARN_OBJC_ROOT_CLASS = YES_ERROR;
				CLANG_WARN_SUSPICIOUS_MOVE = YES;
				CLANG_WARN_UNREACHABLE_CODE = YES;
				CLANG_WARN__DUPLICATE_METHOD_MATCH = YES;
				"CODE_SIGN_IDENTITY[sdk=iphoneos*]" = "iPhone Developer";
				COPY_PHASE_STRIP = NO;
				DEBUG_INFORMATION_FORMAT = "dwarf-with-dsym";
				ENABLE_NS_ASSERTIONS = NO;
				ENABLE_STRICT_OBJC_MSGSEND = YES;
				GCC_C_LANGUAGE_STANDARD = gnu99;
				GCC_NO_COMMON_BLOCKS = YES;
				GCC_WARN_64_TO_32_BIT_CONVERSION = YES;
				GCC_WARN_ABOUT_RETURN_TYPE = YES_ERROR;
				GCC_WARN_UNDECLARED_SELECTOR = YES;
				GCC_WARN_UNINITIALIZED_AUTOS = YES_AGGRESSIVE;
				GCC_WARN_UNUSED_FUNCTION = YES;
				GCC_WARN_UNUSED_VARIABLE = YES;
				IPHONEOS_DEPLOYMENT_TARGET = 10.2;
				MTL_ENABLE_DEBUG_INFO = NO;
				SDKROOT = iphoneos;
				SWIFT_OPTIMIZATION_LEVEL = "-Owholemodule";
				VALIDATE_PRODUCT = YES;
			};
			name = Release;
		};
		F31CC3261E4860CB00E24873 /* Debug */ = {
			isa = XCBuildConfiguration;
			baseConfigurationReference = F56D6F87E602162BE0506DE5 /* Pods-HealthScheduler.debug.xcconfig */;
			buildSettings = {
				ASSETCATALOG_COMPILER_APPICON_NAME = AppIcon;
				CLANG_ENABLE_MODULES = YES;
				DEVELOPMENT_TEAM = E6MP3VPWC7;
				INFOPLIST_FILE = HealthScheduler/Info.plist;
				IPHONEOS_DEPLOYMENT_TARGET = 9.3;
				LD_RUNPATH_SEARCH_PATHS = "$(inherited) @executable_path/Frameworks";
				PRODUCT_BUNDLE_IDENTIFIER = com.iamqjin.HealthScheduler;
				PRODUCT_NAME = "$(TARGET_NAME)";
				SWIFT_OBJC_BRIDGING_HEADER = "HealthScheduler-Bridging-Header.h";
				SWIFT_OPTIMIZATION_LEVEL = "-Onone";
				SWIFT_VERSION = 3.0;
			};
			name = Debug;
		};
		F31CC3271E4860CB00E24873 /* Release */ = {
			isa = XCBuildConfiguration;
			baseConfigurationReference = E71A3F6A3AB6FFF31E37F4BD /* Pods-HealthScheduler.release.xcconfig */;
			buildSettings = {
				ASSETCATALOG_COMPILER_APPICON_NAME = AppIcon;
				CLANG_ENABLE_MODULES = YES;
				DEVELOPMENT_TEAM = E6MP3VPWC7;
				INFOPLIST_FILE = HealthScheduler/Info.plist;
				IPHONEOS_DEPLOYMENT_TARGET = 9.3;
				LD_RUNPATH_SEARCH_PATHS = "$(inherited) @executable_path/Frameworks";
				PRODUCT_BUNDLE_IDENTIFIER = com.iamqjin.HealthScheduler;
				PRODUCT_NAME = "$(TARGET_NAME)";
				SWIFT_OBJC_BRIDGING_HEADER = "HealthScheduler-Bridging-Header.h";
				SWIFT_VERSION = 3.0;
			};
			name = Release;
		};
/* End XCBuildConfiguration section */

/* Begin XCConfigurationList section */
		F31CC30E1E4860CA00E24873 /* Build configuration list for PBXProject "HealthScheduler" */ = {
			isa = XCConfigurationList;
			buildConfigurations = (
				F31CC3231E4860CB00E24873 /* Debug */,
				F31CC3241E4860CB00E24873 /* Release */,
			);
			defaultConfigurationIsVisible = 0;
			defaultConfigurationName = Release;
		};
		F31CC3251E4860CB00E24873 /* Build configuration list for PBXNativeTarget "HealthScheduler" */ = {
			isa = XCConfigurationList;
			buildConfigurations = (
				F31CC3261E4860CB00E24873 /* Debug */,
				F31CC3271E4860CB00E24873 /* Release */,
			);
			defaultConfigurationIsVisible = 0;
			defaultConfigurationName = Release;
		};
/* End XCConfigurationList section */
	};
	rootObject = F31CC30B1E4860CA00E24873 /* Project object */;
}
